
Microsoft Visual Studio Solution File, Format Version 12.00
# Visual Studio Express 2012 for Windows Desktop
VisualStudioVersion = 12.0.30110.0
MinimumVisualStudioVersion = 10.0.40219.1
Project("{8BC9CEB8-8B4A-11D0-8D11-00A0C91BC942}") = "TinyGL", "TinyGL\TinyGL.vcxproj", "{22F7B6AA-9185-4E3B-9C43-9E3EE2B7515E}"
EndProject
Project("{8BC9CEB8-8B4A-11D0-8D11-00A0C91BC942}") = "INF2610-T1", "INF2610-T1\INF2610-T1.vcxproj", "{7E04D27A-12BF-4E93-8BEE-DD048C030E5E}"
	ProjectSection(ProjectDependencies) = postProject
		{22F7B6AA-9185-4E3B-9C43-9E3EE2B7515E} = {22F7B6AA-9185-4E3B-9C43-9E3EE2B7515E}
	EndProjectSection
EndProject
Project("{8BC9CEB8-8B4A-11D0-8D11-00A0C91BC942}") = "INF2610-T2", "INF2610-T2\INF2610-T2.vcxproj", "{2B0C5CBB-DCA5-4CC7-BCED-BB0CA4FB033F}"
	ProjectSection(ProjectDependencies) = postProject
		{22F7B6AA-9185-4E3B-9C43-9E3EE2B7515E} = {22F7B6AA-9185-4E3B-9C43-9E3EE2B7515E}
	EndProjectSection
EndProject
Project("{8BC9CEB8-8B4A-11D0-8D11-00A0C91BC942}") = "FCG-T1", "FCG-T1\FCG-T1.vcxproj", "{D75C8AB2-962E-4C61-860A-2A7C90FCAECE}"
	ProjectSection(ProjectDependencies) = postProject
		{22F7B6AA-9185-4E3B-9C43-9E3EE2B7515E} = {22F7B6AA-9185-4E3B-9C43-9E3EE2B7515E}
	EndProjectSection
EndProject
Project("{8BC9CEB8-8B4A-11D0-8D11-00A0C91BC942}") = "INF2610-T3", "INF2610-T3\INF2610-T3.vcxproj", "{16E94427-91B7-462A-BD3F-D3F37F522D8E}"
	ProjectSection(ProjectDependencies) = postProject
		{22F7B6AA-9185-4E3B-9C43-9E3EE2B7515E} = {22F7B6AA-9185-4E3B-9C43-9E3EE2B7515E}
	EndProjectSection
EndProject
Project("{8BC9CEB8-8B4A-11D0-8D11-00A0C91BC942}") = "INF2610-T4", "INF2610-T4\INF2610-T4.vcxproj", "{C24DA2F6-71DF-4A8D-BC51-FF1779B9A2F4}"
EndProject
Global
	GlobalSection(SolutionConfigurationPlatforms) = preSolution
		Debug|Win32 = Debug|Win32
		Release|Win32 = Release|Win32
	EndGlobalSection
	GlobalSection(ProjectConfigurationPlatforms) = postSolution
		{22F7B6AA-9185-4E3B-9C43-9E3EE2B7515E}.Debug|Win32.ActiveCfg = Debug|Win32
		{22F7B6AA-9185-4E3B-9C43-9E3EE2B7515E}.Debug|Win32.Build.0 = Debug|Win32
		{22F7B6AA-9185-4E3B-9C43-9E3EE2B7515E}.Release|Win32.ActiveCfg = Release|Win32
		{22F7B6AA-9185-4E3B-9C43-9E3EE2B7515E}.Release|Win32.Build.0 = Release|Win32
		{7E04D27A-12BF-4E93-8BEE-DD048C030E5E}.Debug|Win32.ActiveCfg = Debug|Win32
		{7E04D27A-12BF-4E93-8BEE-DD048C030E5E}.Debug|Win32.Build.0 = Debug|Win32
		{7E04D27A-12BF-4E93-8BEE-DD048C030E5E}.Release|Win32.ActiveCfg = Release|Win32
		{7E04D27A-12BF-4E93-8BEE-DD048C030E5E}.Release|Win32.Build.0 = Release|Win32
		{2B0C5CBB-DCA5-4CC7-BCED-BB0CA4FB033F}.Debug|Win32.ActiveCfg = Debug|Win32
		{2B0C5CBB-DCA5-4CC7-BCED-BB0CA4FB033F}.Debug|Win32.Build.0 = Debug|Win32
		{2B0C5CBB-DCA5-4CC7-BCED-BB0CA4FB033F}.Release|Win32.ActiveCfg = Release|Win32
		{2B0C5CBB-DCA5-4CC7-BCED-BB0CA4FB033F}.Release|Win32.Build.0 = Release|Win32
		{D75C8AB2-962E-4C61-860A-2A7C90FCAECE}.Debug|Win32.ActiveCfg = Debug|Win32
		{D75C8AB2-962E-4C61-860A-2A7C90FCAECE}.Debug|Win32.Build.0 = Debug|Win32
		{D75C8AB2-962E-4C61-860A-2A7C90FCAECE}.Release|Win32.ActiveCfg = Release|Win32
		{D75C8AB2-962E-4C61-860A-2A7C90FCAECE}.Release|Win32.Build.0 = Release|Win32
		{16E94427-91B7-462A-BD3F-D3F37F522D8E}.Debug|Win32.ActiveCfg = Debug|Win32
		{16E94427-91B7-462A-BD3F-D3F37F522D8E}.Debug|Win32.Build.0 = Debug|Win32
		{16E94427-91B7-462A-BD3F-D3F37F522D8E}.Release|Win32.ActiveCfg = Release|Win32
		{16E94427-91B7-462A-BD3F-D3F37F522D8E}.Release|Win32.Build.0 = Release|Win32
		{C24DA2F6-71DF-4A8D-BC51-FF1779B9A2F4}.Debug|Win32.ActiveCfg = Debug|Win32
		{C24DA2F6-71DF-4A8D-BC51-FF1779B9A2F4}.Debug|Win32.Build.0 = Debug|Win32
		{C24DA2F6-71DF-4A8D-BC51-FF1779B9A2F4}.Release|Win32.ActiveCfg = Release|Win32
		{C24DA2F6-71DF-4A8D-BC51-FF1779B9A2F4}.Release|Win32.Build.0 = Release|Win32
	EndGlobalSection
	GlobalSection(SolutionProperties) = preSolution
		HideSolutionNode = FALSE
	EndGlobalSection
EndGlobal
